
Microsoft Visual Studio Solution File, Format Version 12.00
# Visual Studio Version 17
VisualStudioVersion = 17.13.35913.81
MinimumVisualStudioVersion = 10.0.40219.1
Project("{FAE04EC0-301F-11D3-BF4B-00C04F79EFBC}") = "ConstructionOrganizations", "ConstructionOrganizations.csproj", "{92F0CE62-9F3C-444F-B579-6DC1D4CF45E6}"
EndProject
Project("{FAE04EC0-301F-11D3-BF4B-00C04F79EFBC}") = "Authorization", "..\Authorization\Authorization.csproj", "{5DA62CC7-6448-4C88-9E58-D8DCCA587CD7}"
EndProject
Global
	GlobalSection(SolutionConfigurationPlatforms) = preSolution
		Debug|Any CPU = Debug|Any CPU
		Release|Any CPU = Release|Any CPU
	EndGlobalSection
	GlobalSection(ProjectConfigurationPlatforms) = postSolution
		{92F0CE62-9F3C-444F-B579-6DC1D4CF45E6}.Debug|Any CPU.ActiveCfg = Debug|Any CPU
		{92F0CE62-9F3C-444F-B579-6DC1D4CF45E6}.Debug|Any CPU.Build.0 = Debug|Any CPU
		{92F0CE62-9F3C-444F-B579-6DC1D4CF45E6}.Release|Any CPU.ActiveCfg = Release|Any CPU
		{92F0CE62-9F3C-444F-B579-6DC1D4CF45E6}.Release|Any CPU.Build.0 = Release|Any CPU
		{5DA62CC7-6448-4C88-9E58-D8DCCA587CD7}.Debug|Any CPU.ActiveCfg = Debug|Any CPU
		{5DA62CC7-6448-4C88-9E58-D8DCCA587CD7}.Debug|Any CPU.Build.0 = Debug|Any CPU
		{5DA62CC7-6448-4C88-9E58-D8DCCA587CD7}.Release|Any CPU.ActiveCfg = Release|Any CPU
		{5DA62CC7-6448-4C88-9E58-D8DCCA587CD7}.Release|Any CPU.Build.0 = Release|Any CPU
	EndGlobalSection
	GlobalSection(SolutionProperties) = preSolution
		HideSolutionNode = FALSE
	EndGlobalSection
	GlobalSection(ExtensibilityGlobals) = postSolution
		SolutionGuid = {4B79B142-0EFF-4D8D-8DAD-CBA1DC4C01FB}
	EndGlobalSection
EndGlobal
